
Microsoft Visual Studio Solution File, Format Version 12.00
# Visual Studio Version 17
VisualStudioVersion = 17.1.32414.318
MinimumVisualStudioVersion = 10.0.40219.1
Project("{FAE04EC0-301F-11D3-BF4B-00C04F79EFBC}") = "soting the data", "soting the data.csproj", "{B8897F9A-C249-4A51-B14A-13189D94BCF0}"
EndProject
Global
	GlobalSection(SolutionConfigurationPlatforms) = preSolution
		Debug|Any CPU = Debug|Any CPU
		Release|Any CPU = Release|Any CPU
	EndGlobalSection
	GlobalSection(ProjectConfigurationPlatforms) = postSolution
		{B8897F9A-C249-4A51-B14A-13189D94BCF0}.Debug|Any CPU.ActiveCfg = Debug|Any CPU
		{B8897F9A-C249-4A51-B14A-13189D94BCF0}.Debug|Any CPU.Build.0 = Debug|Any CPU
		{B8897F9A-C249-4A51-B14A-13189D94BCF0}.Release|Any CPU.ActiveCfg = Release|Any CPU
		{B8897F9A-C249-4A51-B14A-13189D94BCF0}.Release|Any CPU.Build.0 = Release|Any CPU
	EndGlobalSection
	GlobalSection(SolutionProperties) = preSolution
		HideSolutionNode = FALSE
	EndGlobalSection
	GlobalSection(ExtensibilityGlobals) = postSolution
		SolutionGuid = {4C0296B7-8D5D-43F8-AF4A-E65C1214C61C}
	EndGlobalSection
EndGlobal
